// !$*UTF8*$!
{
	archiveVersion = 1;
	classes = {
	};
	objectVersion = 55;
	objects = {

/* Begin PBXBuildFile section */
		632C456D12FDCE53B7815974 /* Pods_VKMint.framework in Frameworks */ = {isa = PBXBuildFile; fileRef = 5A34D1A731A493F931413D18 /* Pods_VKMint.framework */; };
		74153CC428008288005D3333 /* FlowCoordinatorProtocol.swift in Sources */ = {isa = PBXBuildFile; fileRef = 74153CC328008288005D3333 /* FlowCoordinatorProtocol.swift */; };
		74153CC6280082CC005D3333 /* MainFlowCoordinator.swift in Sources */ = {isa = PBXBuildFile; fileRef = 74153CC5280082CC005D3333 /* MainFlowCoordinator.swift */; };
		74153CC82800B090005D3333 /* AuthPresenter.swift in Sources */ = {isa = PBXBuildFile; fileRef = 74153CC72800B090005D3333 /* AuthPresenter.swift */; };
		74153CCB2800B55E005D3333 /* AuthInteractor.swift in Sources */ = {isa = PBXBuildFile; fileRef = 74153CCA2800B55E005D3333 /* AuthInteractor.swift */; };
		7439DC6927A1574500506767 /* Conversation Entities.swift in Sources */ = {isa = PBXBuildFile; fileRef = 7439DC6827A1574500506767 /* Conversation Entities.swift */; };
		7445F7C327A1A1FB00105BEA /* MessagesModel.swift in Sources */ = {isa = PBXBuildFile; fileRef = 7445F7C227A1A1FB00105BEA /* MessagesModel.swift */; };
		7448B22E281B177800B54D0C /* TapBarFlowCoordinator.swift in Sources */ = {isa = PBXBuildFile; fileRef = 7448B22D281B177800B54D0C /* TapBarFlowCoordinator.swift */; };
		7448B232281B22CD00B54D0C /* MessagesTableViewCell.swift in Sources */ = {isa = PBXBuildFile; fileRef = 7448B231281B22CD00B54D0C /* MessagesTableViewCell.swift */; };
		7453BA44279D8CFF008D728E /* Contacts.storyboard in Resources */ = {isa = PBXBuildFile; fileRef = 7453BA43279D8CFF008D728E /* Contacts.storyboard */; };
		7453BA48279D8E15008D728E /* Profile .storyboard in Resources */ = {isa = PBXBuildFile; fileRef = 7453BA47279D8E15008D728E /* Profile .storyboard */; };
		7453BA4C279D8E95008D728E /* MessagesViewController.swift in Sources */ = {isa = PBXBuildFile; fileRef = 7453BA4B279D8E95008D728E /* MessagesViewController.swift */; };
		7480661F281D5B57002525CB /* MessagesInteractor.swift in Sources */ = {isa = PBXBuildFile; fileRef = 7480661E281D5B57002525CB /* MessagesInteractor.swift */; };
		7480662128206F00002525CB /* TableViewCellDataConverter.swift in Sources */ = {isa = PBXBuildFile; fileRef = 7480662028206F00002525CB /* TableViewCellDataConverter.swift */; };
		7480662328214B5A002525CB /* CDUserItems+CoreDataClass.swift in Sources */ = {isa = PBXBuildFile; fileRef = 7480662228214B5A002525CB /* CDUserItems+CoreDataClass.swift */; };
		7480662528214B9F002525CB /* CDUserItems+CoreDataProperties.swift in Sources */ = {isa = PBXBuildFile; fileRef = 7480662428214B9F002525CB /* CDUserItems+CoreDataProperties.swift */; };
		7480662728215680002525CB /* UserDefaultsKeys.swift in Sources */ = {isa = PBXBuildFile; fileRef = 7480662628215680002525CB /* UserDefaultsKeys.swift */; };
		748066292821AB9C002525CB /* MessagesPresenter.swift in Sources */ = {isa = PBXBuildFile; fileRef = 748066282821AB9C002525CB /* MessagesPresenter.swift */; };
		749E7E8727AAA92D000F5DD5 /* MessageModelDelegate.swift in Sources */ = {isa = PBXBuildFile; fileRef = 749E7E8627AAA92D000F5DD5 /* MessageModelDelegate.swift */; };
		749F4E622799B77000E2958A /* AppDelegate.swift in Sources */ = {isa = PBXBuildFile; fileRef = 749F4E612799B77000E2958A /* AppDelegate.swift */; };
		749F4E642799B77000E2958A /* SceneDelegate.swift in Sources */ = {isa = PBXBuildFile; fileRef = 749F4E632799B77000E2958A /* SceneDelegate.swift */; };
		749F4E6B2799B77000E2958A /* Assets.xcassets in Resources */ = {isa = PBXBuildFile; fileRef = 749F4E6A2799B77000E2958A /* Assets.xcassets */; };
		749F4E6E2799B77000E2958A /* LaunchScreen.storyboard in Resources */ = {isa = PBXBuildFile; fileRef = 749F4E6C2799B77000E2958A /* LaunchScreen.storyboard */; };
		74C8078E2799D5B500F7B772 /* VKDelegate.swift in Sources */ = {isa = PBXBuildFile; fileRef = 74C8078D2799D5B500F7B772 /* VKDelegate.swift */; };
		74C807902799D95900F7B772 /* MainApiInteractor.swift in Sources */ = {isa = PBXBuildFile; fileRef = 74C8078F2799D95900F7B772 /* MainApiInteractor.swift */; };
		74C807932799DCBC00F7B772 /* AuthViewController.swift in Sources */ = {isa = PBXBuildFile; fileRef = 74C807922799DCBC00F7B772 /* AuthViewController.swift */; };
		E5182176281AFC6A002C1E88 /* FriendsApiInteractor.swift in Sources */ = {isa = PBXBuildFile; fileRef = E5182175281AFC6A002C1E88 /* FriendsApiInteractor.swift */; };
		E5182178281AFF17002C1E88 /* ContactsViewController.swift in Sources */ = {isa = PBXBuildFile; fileRef = E5182177281AFF17002C1E88 /* ContactsViewController.swift */; };
		E518217B281B0025002C1E88 /* ContactsTableViewCell.swift in Sources */ = {isa = PBXBuildFile; fileRef = E5182179281B0025002C1E88 /* ContactsTableViewCell.swift */; };
		E518217C281B0025002C1E88 /* ContactsTableViewCell.xib in Resources */ = {isa = PBXBuildFile; fileRef = E518217A281B0025002C1E88 /* ContactsTableViewCell.xib */; };
		E526231A27FCB42E00032B61 /* AuthorisationModuleBuilder.swift in Sources */ = {isa = PBXBuildFile; fileRef = E526231927FCB42E00032B61 /* AuthorisationModuleBuilder.swift */; };
		E526231E27FCB48D00032B61 /* MessagesModuleBuilder.swift in Sources */ = {isa = PBXBuildFile; fileRef = E526231D27FCB48D00032B61 /* MessagesModuleBuilder.swift */; };
		E5262373280D436D00032B61 /* ConversationsApiInteractor.swift in Sources */ = {isa = PBXBuildFile; fileRef = E5262372280D436D00032B61 /* ConversationsApiInteractor.swift */; };
		E5262375280D43F400032B61 /* UsersApiInteractor.swift in Sources */ = {isa = PBXBuildFile; fileRef = E5262374280D43F400032B61 /* UsersApiInteractor.swift */; };
		E5262377280D44DA00032B61 /* ImageDownloaderProtocol.swift in Sources */ = {isa = PBXBuildFile; fileRef = E5262376280D44DA00032B61 /* ImageDownloaderProtocol.swift */; };
		E526237F280D799D00032B61 /* VKMintTests.swift in Sources */ = {isa = PBXBuildFile; fileRef = E526237E280D799D00032B61 /* VKMintTests.swift */; };
		E5262387280DED1F00032B61 /* MainApiInteractorForSuccessMock.swift in Sources */ = {isa = PBXBuildFile; fileRef = E5262386280DED1F00032B61 /* MainApiInteractorForSuccessMock.swift */; };
		E5262389280DF5F500032B61 /* AuthInteractorOutputForSuccessMock.swift in Sources */ = {isa = PBXBuildFile; fileRef = E5262388280DF5F500032B61 /* AuthInteractorOutputForSuccessMock.swift */; };
		E526238B280DF94100032B61 /* MainApiInteractorForFailerMock.swift in Sources */ = {isa = PBXBuildFile; fileRef = E526238A280DF94100032B61 /* MainApiInteractorForFailerMock.swift */; };
		E526238D280DFA8E00032B61 /* AuthInteractorOutputForFailerMock.swift in Sources */ = {isa = PBXBuildFile; fileRef = E526238C280DFA8E00032B61 /* AuthInteractorOutputForFailerMock.swift */; };
		E526238F280DFBEB00032B61 /* TestOfFailerAuth.swift in Sources */ = {isa = PBXBuildFile; fileRef = E526238E280DFBEB00032B61 /* TestOfFailerAuth.swift */; };
		E54699E22819406E00929418 /* Entities for messages.xcdatamodeld in Sources */ = {isa = PBXBuildFile; fileRef = E54699E02819406E00929418 /* Entities for messages.xcdatamodeld */; };
		E5469A4528194EDD00929418 /* DataStoreManager.swift in Sources */ = {isa = PBXBuildFile; fileRef = E5469A4428194EDD00929418 /* DataStoreManager.swift */; };
		E5469A6A28199F1500929418 /* CDLastMessage+CoreDataClass.swift in Sources */ = {isa = PBXBuildFile; fileRef = E5469A5E28199F1500929418 /* CDLastMessage+CoreDataClass.swift */; };
		E5469A6B28199F1500929418 /* CDLastMessage+CoreDataProperties.swift in Sources */ = {isa = PBXBuildFile; fileRef = E5469A5F28199F1500929418 /* CDLastMessage+CoreDataProperties.swift */; };
		E5469A6C28199F1500929418 /* CDChatSettings+CoreDataClass.swift in Sources */ = {isa = PBXBuildFile; fileRef = E5469A6028199F1500929418 /* CDChatSettings+CoreDataClass.swift */; };
		E5469A6D28199F1500929418 /* CDChatSettings+CoreDataProperties.swift in Sources */ = {isa = PBXBuildFile; fileRef = E5469A6128199F1500929418 /* CDChatSettings+CoreDataProperties.swift */; };
		E5469A6E28199F1500929418 /* CDConversationClass+CoreDataClass.swift in Sources */ = {isa = PBXBuildFile; fileRef = E5469A6228199F1500929418 /* CDConversationClass+CoreDataClass.swift */; };
		E5469A6F28199F1500929418 /* CDConversationClass+CoreDataProperties.swift in Sources */ = {isa = PBXBuildFile; fileRef = E5469A6328199F1500929418 /* CDConversationClass+CoreDataProperties.swift */; };
		E5469A7028199F1500929418 /* CDPeer+CoreDataClass.swift in Sources */ = {isa = PBXBuildFile; fileRef = E5469A6428199F1500929418 /* CDPeer+CoreDataClass.swift */; };
		E5469A7128199F1500929418 /* CDPeer+CoreDataProperties.swift in Sources */ = {isa = PBXBuildFile; fileRef = E5469A6528199F1500929418 /* CDPeer+CoreDataProperties.swift */; };
		E5469A7228199F1500929418 /* CDItems+CoreDataClass.swift in Sources */ = {isa = PBXBuildFile; fileRef = E5469A6628199F1500929418 /* CDItems+CoreDataClass.swift */; };
		E5469A7328199F1500929418 /* CDItems+CoreDataProperties.swift in Sources */ = {isa = PBXBuildFile; fileRef = E5469A6728199F1500929418 /* CDItems+CoreDataProperties.swift */; };
		E5469A7428199F1500929418 /* CDConversations+CoreDataClass.swift in Sources */ = {isa = PBXBuildFile; fileRef = E5469A6828199F1500929418 /* CDConversations+CoreDataClass.swift */; };
		E5469A7528199F1500929418 /* CDConversations+CoreDataProperties.swift in Sources */ = {isa = PBXBuildFile; fileRef = E5469A6928199F1500929418 /* CDConversations+CoreDataProperties.swift */; };
		E5C5FD7327E2335C002D177F /* DataMapper.swift in Sources */ = {isa = PBXBuildFile; fileRef = E5C5FD7227E2335C002D177F /* DataMapper.swift */; };
		E5C5FD7527E23456002D177F /* TableViewCellData.swift in Sources */ = {isa = PBXBuildFile; fileRef = E5C5FD7427E23456002D177F /* TableViewCellData.swift */; };
		E5C5FD7727E23C3F002D177F /* UserEntities.swift in Sources */ = {isa = PBXBuildFile; fileRef = E5C5FD7627E23C3F002D177F /* UserEntities.swift */; };
/* End PBXBuildFile section */

/* Begin PBXContainerItemProxy section */
		E5262380280D799D00032B61 /* PBXContainerItemProxy */ = {
			isa = PBXContainerItemProxy;
			containerPortal = 749F4E562799B77000E2958A /* Project object */;
			proxyType = 1;
			remoteGlobalIDString = 749F4E5D2799B77000E2958A;
			remoteInfo = VKMint;
		};
/* End PBXContainerItemProxy section */

/* Begin PBXFileReference section */
		10A66D549C24673009C5BAE4 /* Pods-VKMint.release.xcconfig */ = {isa = PBXFileReference; includeInIndex = 1; lastKnownFileType = text.xcconfig; name = "Pods-VKMint.release.xcconfig"; path = "Target Support Files/Pods-VKMint/Pods-VKMint.release.xcconfig"; sourceTree = "<group>"; };
		5A34D1A731A493F931413D18 /* Pods_VKMint.framework */ = {isa = PBXFileReference; explicitFileType = wrapper.framework; includeInIndex = 0; path = Pods_VKMint.framework; sourceTree = BUILT_PRODUCTS_DIR; };
		74153CC328008288005D3333 /* FlowCoordinatorProtocol.swift */ = {isa = PBXFileReference; lastKnownFileType = sourcecode.swift; path = FlowCoordinatorProtocol.swift; sourceTree = "<group>"; };
		74153CC5280082CC005D3333 /* MainFlowCoordinator.swift */ = {isa = PBXFileReference; lastKnownFileType = sourcecode.swift; path = MainFlowCoordinator.swift; sourceTree = "<group>"; };
		74153CC72800B090005D3333 /* AuthPresenter.swift */ = {isa = PBXFileReference; lastKnownFileType = sourcecode.swift; path = AuthPresenter.swift; sourceTree = "<group>"; };
		74153CCA2800B55E005D3333 /* AuthInteractor.swift */ = {isa = PBXFileReference; lastKnownFileType = sourcecode.swift; path = AuthInteractor.swift; sourceTree = "<group>"; };
		7439DC6827A1574500506767 /* Conversation Entities.swift */ = {isa = PBXFileReference; lastKnownFileType = sourcecode.swift; path = "Conversation Entities.swift"; sourceTree = "<group>"; };
		7445F7C227A1A1FB00105BEA /* MessagesModel.swift */ = {isa = PBXFileReference; lastKnownFileType = sourcecode.swift; path = MessagesModel.swift; sourceTree = "<group>"; };
		7448B22D281B177800B54D0C /* TapBarFlowCoordinator.swift */ = {isa = PBXFileReference; lastKnownFileType = sourcecode.swift; path = TapBarFlowCoordinator.swift; sourceTree = "<group>"; };
		7448B231281B22CD00B54D0C /* MessagesTableViewCell.swift */ = {isa = PBXFileReference; fileEncoding = 4; lastKnownFileType = sourcecode.swift; path = MessagesTableViewCell.swift; sourceTree = "<group>"; };
		7453BA43279D8CFF008D728E /* Contacts.storyboard */ = {isa = PBXFileReference; lastKnownFileType = file.storyboard; path = Contacts.storyboard; sourceTree = "<group>"; };
		7453BA47279D8E15008D728E /* Profile .storyboard */ = {isa = PBXFileReference; lastKnownFileType = file.storyboard; path = "Profile .storyboard"; sourceTree = "<group>"; };
		7453BA4B279D8E95008D728E /* MessagesViewController.swift */ = {isa = PBXFileReference; lastKnownFileType = sourcecode.swift; path = MessagesViewController.swift; sourceTree = "<group>"; };
		7480661E281D5B57002525CB /* MessagesInteractor.swift */ = {isa = PBXFileReference; lastKnownFileType = sourcecode.swift; path = MessagesInteractor.swift; sourceTree = "<group>"; };
		7480662028206F00002525CB /* TableViewCellDataConverter.swift */ = {isa = PBXFileReference; lastKnownFileType = sourcecode.swift; path = TableViewCellDataConverter.swift; sourceTree = "<group>"; };
		7480662228214B5A002525CB /* CDUserItems+CoreDataClass.swift */ = {isa = PBXFileReference; lastKnownFileType = sourcecode.swift; path = "CDUserItems+CoreDataClass.swift"; sourceTree = "<group>"; };
		7480662428214B9F002525CB /* CDUserItems+CoreDataProperties.swift */ = {isa = PBXFileReference; lastKnownFileType = sourcecode.swift; path = "CDUserItems+CoreDataProperties.swift"; sourceTree = "<group>"; };
		7480662628215680002525CB /* UserDefaultsKeys.swift */ = {isa = PBXFileReference; lastKnownFileType = sourcecode.swift; path = UserDefaultsKeys.swift; sourceTree = "<group>"; };
		748066282821AB9C002525CB /* MessagesPresenter.swift */ = {isa = PBXFileReference; lastKnownFileType = sourcecode.swift; path = MessagesPresenter.swift; sourceTree = "<group>"; };
		749E7E8627AAA92D000F5DD5 /* MessageModelDelegate.swift */ = {isa = PBXFileReference; lastKnownFileType = sourcecode.swift; path = MessageModelDelegate.swift; sourceTree = "<group>"; };
		749F4E5E2799B77000E2958A /* VKMint.app */ = {isa = PBXFileReference; explicitFileType = wrapper.application; includeInIndex = 0; path = VKMint.app; sourceTree = BUILT_PRODUCTS_DIR; };
		749F4E612799B77000E2958A /* AppDelegate.swift */ = {isa = PBXFileReference; lastKnownFileType = sourcecode.swift; path = AppDelegate.swift; sourceTree = "<group>"; };
		749F4E632799B77000E2958A /* SceneDelegate.swift */ = {isa = PBXFileReference; lastKnownFileType = sourcecode.swift; path = SceneDelegate.swift; sourceTree = "<group>"; };
		749F4E6A2799B77000E2958A /* Assets.xcassets */ = {isa = PBXFileReference; lastKnownFileType = folder.assetcatalog; path = Assets.xcassets; sourceTree = "<group>"; };
		749F4E6D2799B77000E2958A /* Base */ = {isa = PBXFileReference; lastKnownFileType = file.storyboard; name = Base; path = Base.lproj/LaunchScreen.storyboard; sourceTree = "<group>"; };
		749F4E6F2799B77000E2958A /* Info.plist */ = {isa = PBXFileReference; lastKnownFileType = text.plist.xml; path = Info.plist; sourceTree = "<group>"; };
		74C8078D2799D5B500F7B772 /* VKDelegate.swift */ = {isa = PBXFileReference; lastKnownFileType = sourcecode.swift; path = VKDelegate.swift; sourceTree = "<group>"; };
		74C8078F2799D95900F7B772 /* MainApiInteractor.swift */ = {isa = PBXFileReference; lastKnownFileType = sourcecode.swift; path = MainApiInteractor.swift; sourceTree = "<group>"; };
		74C807922799DCBC00F7B772 /* AuthViewController.swift */ = {isa = PBXFileReference; lastKnownFileType = sourcecode.swift; path = AuthViewController.swift; sourceTree = "<group>"; };
		9FCEFEF9626114B1F5A6EC43 /* Pods-VKMint.debug.xcconfig */ = {isa = PBXFileReference; includeInIndex = 1; lastKnownFileType = text.xcconfig; name = "Pods-VKMint.debug.xcconfig"; path = "Target Support Files/Pods-VKMint/Pods-VKMint.debug.xcconfig"; sourceTree = "<group>"; };
		E5182175281AFC6A002C1E88 /* FriendsApiInteractor.swift */ = {isa = PBXFileReference; lastKnownFileType = sourcecode.swift; path = FriendsApiInteractor.swift; sourceTree = "<group>"; };
		E5182177281AFF17002C1E88 /* ContactsViewController.swift */ = {isa = PBXFileReference; lastKnownFileType = sourcecode.swift; path = ContactsViewController.swift; sourceTree = "<group>"; };
		E5182179281B0025002C1E88 /* ContactsTableViewCell.swift */ = {isa = PBXFileReference; lastKnownFileType = sourcecode.swift; path = ContactsTableViewCell.swift; sourceTree = "<group>"; };
		E518217A281B0025002C1E88 /* ContactsTableViewCell.xib */ = {isa = PBXFileReference; lastKnownFileType = file.xib; path = ContactsTableViewCell.xib; sourceTree = "<group>"; };
		E526231927FCB42E00032B61 /* AuthorisationModuleBuilder.swift */ = {isa = PBXFileReference; lastKnownFileType = sourcecode.swift; path = AuthorisationModuleBuilder.swift; sourceTree = "<group>"; };
		E526231D27FCB48D00032B61 /* MessagesModuleBuilder.swift */ = {isa = PBXFileReference; lastKnownFileType = sourcecode.swift; path = MessagesModuleBuilder.swift; sourceTree = "<group>"; };
		E5262372280D436D00032B61 /* ConversationsApiInteractor.swift */ = {isa = PBXFileReference; lastKnownFileType = sourcecode.swift; path = ConversationsApiInteractor.swift; sourceTree = "<group>"; };
		E5262374280D43F400032B61 /* UsersApiInteractor.swift */ = {isa = PBXFileReference; lastKnownFileType = sourcecode.swift; path = UsersApiInteractor.swift; sourceTree = "<group>"; };
		E5262376280D44DA00032B61 /* ImageDownloaderProtocol.swift */ = {isa = PBXFileReference; lastKnownFileType = sourcecode.swift; path = ImageDownloaderProtocol.swift; sourceTree = "<group>"; };
		E526237C280D799D00032B61 /* VKMintTests.xctest */ = {isa = PBXFileReference; explicitFileType = wrapper.cfbundle; includeInIndex = 0; path = VKMintTests.xctest; sourceTree = BUILT_PRODUCTS_DIR; };
		E526237E280D799D00032B61 /* VKMintTests.swift */ = {isa = PBXFileReference; lastKnownFileType = sourcecode.swift; path = VKMintTests.swift; sourceTree = "<group>"; };
		E5262386280DED1F00032B61 /* MainApiInteractorForSuccessMock.swift */ = {isa = PBXFileReference; lastKnownFileType = sourcecode.swift; path = MainApiInteractorForSuccessMock.swift; sourceTree = "<group>"; };
		E5262388280DF5F500032B61 /* AuthInteractorOutputForSuccessMock.swift */ = {isa = PBXFileReference; lastKnownFileType = sourcecode.swift; path = AuthInteractorOutputForSuccessMock.swift; sourceTree = "<group>"; };
		E526238A280DF94100032B61 /* MainApiInteractorForFailerMock.swift */ = {isa = PBXFileReference; lastKnownFileType = sourcecode.swift; path = MainApiInteractorForFailerMock.swift; sourceTree = "<group>"; };
		E526238C280DFA8E00032B61 /* AuthInteractorOutputForFailerMock.swift */ = {isa = PBXFileReference; lastKnownFileType = sourcecode.swift; path = AuthInteractorOutputForFailerMock.swift; sourceTree = "<group>"; };
		E526238E280DFBEB00032B61 /* TestOfFailerAuth.swift */ = {isa = PBXFileReference; lastKnownFileType = sourcecode.swift; path = TestOfFailerAuth.swift; sourceTree = "<group>"; };
		E54699E12819406E00929418 /* Entities for messages.xcdatamodel */ = {isa = PBXFileReference; lastKnownFileType = wrapper.xcdatamodel; path = "Entities for messages.xcdatamodel"; sourceTree = "<group>"; };
		E5469A4428194EDD00929418 /* DataStoreManager.swift */ = {isa = PBXFileReference; lastKnownFileType = sourcecode.swift; path = DataStoreManager.swift; sourceTree = "<group>"; };
		E5469A5E28199F1500929418 /* CDLastMessage+CoreDataClass.swift */ = {isa = PBXFileReference; lastKnownFileType = sourcecode.swift; path = "CDLastMessage+CoreDataClass.swift"; sourceTree = "<group>"; };
		E5469A5F28199F1500929418 /* CDLastMessage+CoreDataProperties.swift */ = {isa = PBXFileReference; lastKnownFileType = sourcecode.swift; path = "CDLastMessage+CoreDataProperties.swift"; sourceTree = "<group>"; };
		E5469A6028199F1500929418 /* CDChatSettings+CoreDataClass.swift */ = {isa = PBXFileReference; lastKnownFileType = sourcecode.swift; path = "CDChatSettings+CoreDataClass.swift"; sourceTree = "<group>"; };
		E5469A6128199F1500929418 /* CDChatSettings+CoreDataProperties.swift */ = {isa = PBXFileReference; lastKnownFileType = sourcecode.swift; path = "CDChatSettings+CoreDataProperties.swift"; sourceTree = "<group>"; };
		E5469A6228199F1500929418 /* CDConversationClass+CoreDataClass.swift */ = {isa = PBXFileReference; lastKnownFileType = sourcecode.swift; path = "CDConversationClass+CoreDataClass.swift"; sourceTree = "<group>"; };
		E5469A6328199F1500929418 /* CDConversationClass+CoreDataProperties.swift */ = {isa = PBXFileReference; lastKnownFileType = sourcecode.swift; path = "CDConversationClass+CoreDataProperties.swift"; sourceTree = "<group>"; };
		E5469A6428199F1500929418 /* CDPeer+CoreDataClass.swift */ = {isa = PBXFileReference; lastKnownFileType = sourcecode.swift; path = "CDPeer+CoreDataClass.swift"; sourceTree = "<group>"; };
		E5469A6528199F1500929418 /* CDPeer+CoreDataProperties.swift */ = {isa = PBXFileReference; lastKnownFileType = sourcecode.swift; path = "CDPeer+CoreDataProperties.swift"; sourceTree = "<group>"; };
		E5469A6628199F1500929418 /* CDItems+CoreDataClass.swift */ = {isa = PBXFileReference; lastKnownFileType = sourcecode.swift; path = "CDItems+CoreDataClass.swift"; sourceTree = "<group>"; };
		E5469A6728199F1500929418 /* CDItems+CoreDataProperties.swift */ = {isa = PBXFileReference; lastKnownFileType = sourcecode.swift; path = "CDItems+CoreDataProperties.swift"; sourceTree = "<group>"; };
		E5469A6828199F1500929418 /* CDConversations+CoreDataClass.swift */ = {isa = PBXFileReference; lastKnownFileType = sourcecode.swift; path = "CDConversations+CoreDataClass.swift"; sourceTree = "<group>"; };
		E5469A6928199F1500929418 /* CDConversations+CoreDataProperties.swift */ = {isa = PBXFileReference; lastKnownFileType = sourcecode.swift; path = "CDConversations+CoreDataProperties.swift"; sourceTree = "<group>"; };
		E5C5FD7227E2335C002D177F /* DataMapper.swift */ = {isa = PBXFileReference; lastKnownFileType = sourcecode.swift; path = DataMapper.swift; sourceTree = "<group>"; };
		E5C5FD7427E23456002D177F /* TableViewCellData.swift */ = {isa = PBXFileReference; lastKnownFileType = sourcecode.swift; path = TableViewCellData.swift; sourceTree = "<group>"; };
		E5C5FD7627E23C3F002D177F /* UserEntities.swift */ = {isa = PBXFileReference; lastKnownFileType = sourcecode.swift; path = UserEntities.swift; sourceTree = "<group>"; };
/* End PBXFileReference section */

/* Begin PBXFrameworksBuildPhase section */
		749F4E5B2799B77000E2958A /* Frameworks */ = {
			isa = PBXFrameworksBuildPhase;
			buildActionMask = 2147483647;
			files = (
				632C456D12FDCE53B7815974 /* Pods_VKMint.framework in Frameworks */,
			);
			runOnlyForDeploymentPostprocessing = 0;
		};
		E5262379280D799D00032B61 /* Frameworks */ = {
			isa = PBXFrameworksBuildPhase;
			buildActionMask = 2147483647;
			files = (
			);
			runOnlyForDeploymentPostprocessing = 0;
		};
/* End PBXFrameworksBuildPhase section */

/* Begin PBXGroup section */
		740969FB279B172A001A7DD1 /* View */ = {
			isa = PBXGroup;
			children = (
				74C807922799DCBC00F7B772 /* AuthViewController.swift */,
			);
			path = View;
			sourceTree = "<group>";
		};
		74153CC228008273005D3333 /* Common */ = {
			isa = PBXGroup;
			children = (
				74153CC5280082CC005D3333 /* MainFlowCoordinator.swift */,
				74153CC328008288005D3333 /* FlowCoordinatorProtocol.swift */,
				7448B22D281B177800B54D0C /* TapBarFlowCoordinator.swift */,
				7480662628215680002525CB /* UserDefaultsKeys.swift */,
			);
			path = Common;
			sourceTree = "<group>";
		};
		74153CC92800B546005D3333 /* Interactor  */ = {
			isa = PBXGroup;
			children = (
				74153CCA2800B55E005D3333 /* AuthInteractor.swift */,
			);
			path = "Interactor ";
			sourceTree = "<group>";
		};
		7427A41B279C1C65004A9039 /* Messages  */ = {
			isa = PBXGroup;
			children = (
				7448B234281B438B00B54D0C /* Presenter */,
				7448B233281B438000B54D0C /* Interactor */,
				E526231D27FCB48D00032B61 /* MessagesModuleBuilder.swift */,
				7453BA49279D8E65008D728E /* Model */,
				7427A41C279C1C8F004A9039 /* View */,
				7480662028206F00002525CB /* TableViewCellDataConverter.swift */,
			);
			path = "Messages ";
			sourceTree = "<group>";
		};
		7427A41C279C1C8F004A9039 /* View */ = {
			isa = PBXGroup;
			children = (
				7453BA4B279D8E95008D728E /* MessagesViewController.swift */,
				7448B231281B22CD00B54D0C /* MessagesTableViewCell.swift */,
			);
			path = View;
			sourceTree = "<group>";
		};
		7439DC6727A1565700506767 /* JsonObjects */ = {
			isa = PBXGroup;
			children = (
				7439DC6827A1574500506767 /* Conversation Entities.swift */,
				E5C5FD7627E23C3F002D177F /* UserEntities.swift */,
			);
			path = JsonObjects;
			sourceTree = "<group>";
		};
		7448B233281B438000B54D0C /* Interactor */ = {
			isa = PBXGroup;
			children = (
				7480661E281D5B57002525CB /* MessagesInteractor.swift */,
			);
			path = Interactor;
			sourceTree = "<group>";
		};
		7448B234281B438B00B54D0C /* Presenter */ = {
			isa = PBXGroup;
			children = (
				748066282821AB9C002525CB /* MessagesPresenter.swift */,
			);
			path = Presenter;
			sourceTree = "<group>";
		};
		7453BA41279D8CD3008D728E /* Contacts  */ = {
			isa = PBXGroup;
			children = (
				7453BA42279D8CDF008D728E /* View */,
				E5182177281AFF17002C1E88 /* ContactsViewController.swift */,
			);
			path = "Contacts ";
			sourceTree = "<group>";
		};
		7453BA42279D8CDF008D728E /* View */ = {
			isa = PBXGroup;
			children = (
				7453BA43279D8CFF008D728E /* Contacts.storyboard */,
				E5182179281B0025002C1E88 /* ContactsTableViewCell.swift */,
				E518217A281B0025002C1E88 /* ContactsTableViewCell.xib */,
			);
			path = View;
			sourceTree = "<group>";
		};
		7453BA45279D8D76008D728E /* Profile  */ = {
			isa = PBXGroup;
			children = (
				7453BA46279D8E03008D728E /* View */,
			);
			path = "Profile ";
			sourceTree = "<group>";
		};
		7453BA46279D8E03008D728E /* View */ = {
			isa = PBXGroup;
			children = (
				7453BA47279D8E15008D728E /* Profile .storyboard */,
			);
			path = View;
			sourceTree = "<group>";
		};
		7453BA49279D8E65008D728E /* Model */ = {
			isa = PBXGroup;
			children = (
				7445F7C227A1A1FB00105BEA /* MessagesModel.swift */,
			);
			path = Model;
			sourceTree = "<group>";
		};
		749E7E8527AAA916000F5DD5 /* Protocols */ = {
			isa = PBXGroup;
			children = (
				749E7E8627AAA92D000F5DD5 /* MessageModelDelegate.swift */,
			);
			path = Protocols;
			sourceTree = "<group>";
		};
		749F4E552799B77000E2958A = {
			isa = PBXGroup;
			children = (
				749F4E602799B77000E2958A /* VKMint */,
				E526237D280D799D00032B61 /* VKMintTests */,
				749F4E5F2799B77000E2958A /* Products */,
				C391D7AE1E2EFD95C94C4BA4 /* Pods */,
				97695AD8AC615D551575FE40 /* Frameworks */,
			);
			sourceTree = "<group>";
		};
		749F4E5F2799B77000E2958A /* Products */ = {
			isa = PBXGroup;
			children = (
				749F4E5E2799B77000E2958A /* VKMint.app */,
				E526237C280D799D00032B61 /* VKMintTests.xctest */,
			);
			name = Products;
			sourceTree = "<group>";
		};
		749F4E602799B77000E2958A /* VKMint */ = {
			isa = PBXGroup;
			children = (
				74153CC228008273005D3333 /* Common */,
				E5C5FD7127E2324F002D177F /* Models */,
				74C8078C2799D5A200F7B772 /* Entities */,
				74C8078A2799D58200F7B772 /* Presentation */,
				749F4E612799B77000E2958A /* AppDelegate.swift */,
				749F4E632799B77000E2958A /* SceneDelegate.swift */,
				749F4E6A2799B77000E2958A /* Assets.xcassets */,
				749F4E6C2799B77000E2958A /* LaunchScreen.storyboard */,
				749F4E6F2799B77000E2958A /* Info.plist */,
			);
			path = VKMint;
			sourceTree = "<group>";
		};
		74C8078A2799D58200F7B772 /* Presentation */ = {
			isa = PBXGroup;
			children = (
				749E7E8527AAA916000F5DD5 /* Protocols */,
				7453BA45279D8D76008D728E /* Profile  */,
				7453BA41279D8CD3008D728E /* Contacts  */,
				7427A41B279C1C65004A9039 /* Messages  */,
				74C8078B2799D58E00F7B772 /* Authorisation */,
			);
			path = Presentation;
			sourceTree = "<group>";
		};
		74C8078B2799D58E00F7B772 /* Authorisation */ = {
			isa = PBXGroup;
			children = (
				74153CC92800B546005D3333 /* Interactor  */,
				E526231927FCB42E00032B61 /* AuthorisationModuleBuilder.swift */,
				740969FB279B172A001A7DD1 /* View */,
				74C807912799DC9500F7B772 /* Presenter */,
			);
			path = Authorisation;
			sourceTree = "<group>";
		};
		74C8078C2799D5A200F7B772 /* Entities */ = {
			isa = PBXGroup;
			children = (
				E54699E328194BFA00929418 /* CoreData */,
				7439DC6727A1565700506767 /* JsonObjects */,
				74C8078D2799D5B500F7B772 /* VKDelegate.swift */,
				E5C5FD7427E23456002D177F /* TableViewCellData.swift */,
			);
			path = Entities;
			sourceTree = "<group>";
		};
		74C807912799DC9500F7B772 /* Presenter */ = {
			isa = PBXGroup;
			children = (
				74153CC72800B090005D3333 /* AuthPresenter.swift */,
			);
			path = Presenter;
			sourceTree = "<group>";
		};
		97695AD8AC615D551575FE40 /* Frameworks */ = {
			isa = PBXGroup;
			children = (
				5A34D1A731A493F931413D18 /* Pods_VKMint.framework */,
			);
			name = Frameworks;
			sourceTree = "<group>";
		};
		C391D7AE1E2EFD95C94C4BA4 /* Pods */ = {
			isa = PBXGroup;
			children = (
				9FCEFEF9626114B1F5A6EC43 /* Pods-VKMint.debug.xcconfig */,
				10A66D549C24673009C5BAE4 /* Pods-VKMint.release.xcconfig */,
			);
			path = Pods;
			sourceTree = "<group>";
		};
		E526237D280D799D00032B61 /* VKMintTests */ = {
			isa = PBXGroup;
			children = (
				E5262385280DECDA00032B61 /* Mock */,
				E526237E280D799D00032B61 /* VKMintTests.swift */,
				E526238E280DFBEB00032B61 /* TestOfFailerAuth.swift */,
			);
			path = VKMintTests;
			sourceTree = "<group>";
		};
		E5262385280DECDA00032B61 /* Mock */ = {
			isa = PBXGroup;
			children = (
				E5262386280DED1F00032B61 /* MainApiInteractorForSuccessMock.swift */,
				E5262388280DF5F500032B61 /* AuthInteractorOutputForSuccessMock.swift */,
				E526238A280DF94100032B61 /* MainApiInteractorForFailerMock.swift */,
				E526238C280DFA8E00032B61 /* AuthInteractorOutputForFailerMock.swift */,
			);
			path = Mock;
			sourceTree = "<group>";
		};
		E54699E328194BFA00929418 /* CoreData */ = {
			isa = PBXGroup;
			children = (
				E5469A5E28199F1500929418 /* CDLastMessage+CoreDataClass.swift */,
				E5469A5F28199F1500929418 /* CDLastMessage+CoreDataProperties.swift */,
				E5469A6028199F1500929418 /* CDChatSettings+CoreDataClass.swift */,
				E5469A6128199F1500929418 /* CDChatSettings+CoreDataProperties.swift */,
				E5469A6228199F1500929418 /* CDConversationClass+CoreDataClass.swift */,
				E5469A6328199F1500929418 /* CDConversationClass+CoreDataProperties.swift */,
				E5469A6428199F1500929418 /* CDPeer+CoreDataClass.swift */,
				E5469A6528199F1500929418 /* CDPeer+CoreDataProperties.swift */,
				E5469A6628199F1500929418 /* CDItems+CoreDataClass.swift */,
				E5469A6728199F1500929418 /* CDItems+CoreDataProperties.swift */,
				E5469A6828199F1500929418 /* CDConversations+CoreDataClass.swift */,
				E5469A6928199F1500929418 /* CDConversations+CoreDataProperties.swift */,
				E54699E02819406E00929418 /* Entities for messages.xcdatamodeld */,
				7480662228214B5A002525CB /* CDUserItems+CoreDataClass.swift */,
				7480662428214B9F002525CB /* CDUserItems+CoreDataProperties.swift */,
			);
			path = CoreData;
			sourceTree = "<group>";
		};
		E5C5FD7127E2324F002D177F /* Models */ = {
			isa = PBXGroup;
			children = (
				E5C5FD7227E2335C002D177F /* DataMapper.swift */,
				74C8078F2799D95900F7B772 /* MainApiInteractor.swift */,
				E5262372280D436D00032B61 /* ConversationsApiInteractor.swift */,
				E5262374280D43F400032B61 /* UsersApiInteractor.swift */,
				E5262376280D44DA00032B61 /* ImageDownloaderProtocol.swift */,
				E5469A4428194EDD00929418 /* DataStoreManager.swift */,
				E5182175281AFC6A002C1E88 /* FriendsApiInteractor.swift */,
			);
			path = Models;
			sourceTree = "<group>";
		};
/* End PBXGroup section */

/* Begin PBXNativeTarget section */
		749F4E5D2799B77000E2958A /* VKMint */ = {
			isa = PBXNativeTarget;
			buildConfigurationList = 749F4E722799B77000E2958A /* Build configuration list for PBXNativeTarget "VKMint" */;
			buildPhases = (
				49D02EB0567773AFF49D6679 /* [CP] Check Pods Manifest.lock */,
				749F4E5A2799B77000E2958A /* Sources */,
				749F4E5B2799B77000E2958A /* Frameworks */,
				749F4E5C2799B77000E2958A /* Resources */,
				018F41CBD160A02018BF3D12 /* [CP] Embed Pods Frameworks */,
			);
			buildRules = (
			);
			dependencies = (
			);
			name = VKMint;
			productName = VKMint;
			productReference = 749F4E5E2799B77000E2958A /* VKMint.app */;
			productType = "com.apple.product-type.application";
		};
		E526237B280D799D00032B61 /* VKMintTests */ = {
			isa = PBXNativeTarget;
			buildConfigurationList = E5262382280D799D00032B61 /* Build configuration list for PBXNativeTarget "VKMintTests" */;
			buildPhases = (
				E5262378280D799D00032B61 /* Sources */,
				E5262379280D799D00032B61 /* Frameworks */,
				E526237A280D799D00032B61 /* Resources */,
			);
			buildRules = (
			);
			dependencies = (
				E5262381280D799D00032B61 /* PBXTargetDependency */,
			);
			name = VKMintTests;
			productName = VKMintTests;
			productReference = E526237C280D799D00032B61 /* VKMintTests.xctest */;
			productType = "com.apple.product-type.bundle.unit-test";
		};
/* End PBXNativeTarget section */

/* Begin PBXProject section */
		749F4E562799B77000E2958A /* Project object */ = {
			isa = PBXProject;
			attributes = {
				BuildIndependentTargetsInParallel = 1;
				LastSwiftUpdateCheck = 1310;
				LastUpgradeCheck = 1310;
				TargetAttributes = {
					749F4E5D2799B77000E2958A = {
						CreatedOnToolsVersion = 13.1;
					};
					E526237B280D799D00032B61 = {
						CreatedOnToolsVersion = 13.1;
						TestTargetID = 749F4E5D2799B77000E2958A;
					};
				};
			};
			buildConfigurationList = 749F4E592799B77000E2958A /* Build configuration list for PBXProject "VKMint" */;
			compatibilityVersion = "Xcode 13.0";
			developmentRegion = en;
			hasScannedForEncodings = 0;
			knownRegions = (
				en,
				Base,
			);
			mainGroup = 749F4E552799B77000E2958A;
			productRefGroup = 749F4E5F2799B77000E2958A /* Products */;
			projectDirPath = "";
			projectRoot = "";
			targets = (
				749F4E5D2799B77000E2958A /* VKMint */,
				E526237B280D799D00032B61 /* VKMintTests */,
			);
		};
/* End PBXProject section */

/* Begin PBXResourcesBuildPhase section */
		749F4E5C2799B77000E2958A /* Resources */ = {
			isa = PBXResourcesBuildPhase;
			buildActionMask = 2147483647;
			files = (
				749F4E6E2799B77000E2958A /* LaunchScreen.storyboard in Resources */,
				7453BA48279D8E15008D728E /* Profile .storyboard in Resources */,
				749F4E6B2799B77000E2958A /* Assets.xcassets in Resources */,
				E518217C281B0025002C1E88 /* ContactsTableViewCell.xib in Resources */,
				7453BA44279D8CFF008D728E /* Contacts.storyboard in Resources */,
			);
			runOnlyForDeploymentPostprocessing = 0;
		};
		E526237A280D799D00032B61 /* Resources */ = {
			isa = PBXResourcesBuildPhase;
			buildActionMask = 2147483647;
			files = (
			);
			runOnlyForDeploymentPostprocessing = 0;
		};
/* End PBXResourcesBuildPhase section */

/* Begin PBXShellScriptBuildPhase section */
		018F41CBD160A02018BF3D12 /* [CP] Embed Pods Frameworks */ = {
			isa = PBXShellScriptBuildPhase;
			buildActionMask = 2147483647;
			files = (
			);
			inputFileListPaths = (
				"${PODS_ROOT}/Target Support Files/Pods-VKMint/Pods-VKMint-frameworks-${CONFIGURATION}-input-files.xcfilelist",
			);
			name = "[CP] Embed Pods Frameworks";
			outputFileListPaths = (
				"${PODS_ROOT}/Target Support Files/Pods-VKMint/Pods-VKMint-frameworks-${CONFIGURATION}-output-files.xcfilelist",
			);
			runOnlyForDeploymentPostprocessing = 0;
			shellPath = /bin/sh;
			shellScript = "\"${PODS_ROOT}/Target Support Files/Pods-VKMint/Pods-VKMint-frameworks.sh\"\n";
			showEnvVarsInLog = 0;
		};
		49D02EB0567773AFF49D6679 /* [CP] Check Pods Manifest.lock */ = {
			isa = PBXShellScriptBuildPhase;
			buildActionMask = 2147483647;
			files = (
			);
			inputFileListPaths = (
			);
			inputPaths = (
				"${PODS_PODFILE_DIR_PATH}/Podfile.lock",
				"${PODS_ROOT}/Manifest.lock",
			);
			name = "[CP] Check Pods Manifest.lock";
			outputFileListPaths = (
			);
			outputPaths = (
				"$(DERIVED_FILE_DIR)/Pods-VKMint-checkManifestLockResult.txt",
			);
			runOnlyForDeploymentPostprocessing = 0;
			shellPath = /bin/sh;
			shellScript = "diff \"${PODS_PODFILE_DIR_PATH}/Podfile.lock\" \"${PODS_ROOT}/Manifest.lock\" > /dev/null\nif [ $? != 0 ] ; then\n    # print error to STDERR\n    echo \"error: The sandbox is not in sync with the Podfile.lock. Run 'pod install' or update your CocoaPods installation.\" >&2\n    exit 1\nfi\n# This output is used by Xcode 'outputs' to avoid re-running this script phase.\necho \"SUCCESS\" > \"${SCRIPT_OUTPUT_FILE_0}\"\n";
			showEnvVarsInLog = 0;
		};
/* End PBXShellScriptBuildPhase section */

/* Begin PBXSourcesBuildPhase section */
		749F4E5A2799B77000E2958A /* Sources */ = {
			isa = PBXSourcesBuildPhase;
			buildActionMask = 2147483647;
			files = (
				E5C5FD7327E2335C002D177F /* DataMapper.swift in Sources */,
				E5C5FD7527E23456002D177F /* TableViewCellData.swift in Sources */,
				E5469A6E28199F1500929418 /* CDConversationClass+CoreDataClass.swift in Sources */,
				74153CCB2800B55E005D3333 /* AuthInteractor.swift in Sources */,
				E5262377280D44DA00032B61 /* ImageDownloaderProtocol.swift in Sources */,
				7448B232281B22CD00B54D0C /* MessagesTableViewCell.swift in Sources */,
				E5469A7528199F1500929418 /* CDConversations+CoreDataProperties.swift in Sources */,
				7480662328214B5A002525CB /* CDUserItems+CoreDataClass.swift in Sources */,
				748066292821AB9C002525CB /* MessagesPresenter.swift in Sources */,
				E5262375280D43F400032B61 /* UsersApiInteractor.swift in Sources */,
				7445F7C327A1A1FB00105BEA /* MessagesModel.swift in Sources */,
				E5469A6D28199F1500929418 /* CDChatSettings+CoreDataProperties.swift in Sources */,
				7480661F281D5B57002525CB /* MessagesInteractor.swift in Sources */,
				74C807902799D95900F7B772 /* MainApiInteractor.swift in Sources */,
				E5469A6A28199F1500929418 /* CDLastMessage+CoreDataClass.swift in Sources */,
				E5C5FD7727E23C3F002D177F /* UserEntities.swift in Sources */,
				E5469A7028199F1500929418 /* CDPeer+CoreDataClass.swift in Sources */,
				E5182178281AFF17002C1E88 /* ContactsViewController.swift in Sources */,
				7448B22E281B177800B54D0C /* TapBarFlowCoordinator.swift in Sources */,
				E5469A6B28199F1500929418 /* CDLastMessage+CoreDataProperties.swift in Sources */,
				E5469A4528194EDD00929418 /* DataStoreManager.swift in Sources */,
				7439DC6927A1574500506767 /* Conversation Entities.swift in Sources */,
				74153CC6280082CC005D3333 /* MainFlowCoordinator.swift in Sources */,
				7480662728215680002525CB /* UserDefaultsKeys.swift in Sources */,
				E526231A27FCB42E00032B61 /* AuthorisationModuleBuilder.swift in Sources */,
				749E7E8727AAA92D000F5DD5 /* MessageModelDelegate.swift in Sources */,
				E54699E22819406E00929418 /* Entities for messages.xcdatamodeld in Sources */,
				E5469A6F28199F1500929418 /* CDConversationClass+CoreDataProperties.swift in Sources */,
				E5262373280D436D00032B61 /* ConversationsApiInteractor.swift in Sources */,
				E5469A7428199F1500929418 /* CDConversations+CoreDataClass.swift in Sources */,
				749F4E622799B77000E2958A /* AppDelegate.swift in Sources */,
				749F4E642799B77000E2958A /* SceneDelegate.swift in Sources */,
				7480662528214B9F002525CB /* CDUserItems+CoreDataProperties.swift in Sources */,
				E5182176281AFC6A002C1E88 /* FriendsApiInteractor.swift in Sources */,
				E5469A6C28199F1500929418 /* CDChatSettings+CoreDataClass.swift in Sources */,
				74153CC82800B090005D3333 /* AuthPresenter.swift in Sources */,
				74153CC428008288005D3333 /* FlowCoordinatorProtocol.swift in Sources */,
				E518217B281B0025002C1E88 /* ContactsTableViewCell.swift in Sources */,
				74C807932799DCBC00F7B772 /* AuthViewController.swift in Sources */,
				7453BA4C279D8E95008D728E /* MessagesViewController.swift in Sources */,
				74C8078E2799D5B500F7B772 /* VKDelegate.swift in Sources */,
				7480662128206F00002525CB /* TableViewCellDataConverter.swift in Sources */,
				E5469A7228199F1500929418 /* CDItems+CoreDataClass.swift in Sources */,
				E5469A7328199F1500929418 /* CDItems+CoreDataProperties.swift in Sources */,
				E5469A7128199F1500929418 /* CDPeer+CoreDataProperties.swift in Sources */,
				E526231E27FCB48D00032B61 /* MessagesModuleBuilder.swift in Sources */,
			);
			runOnlyForDeploymentPostprocessing = 0;
		};
		E5262378280D799D00032B61 /* Sources */ = {
			isa = PBXSourcesBuildPhase;
			buildActionMask = 2147483647;
			files = (
				E526238B280DF94100032B61 /* MainApiInteractorForFailerMock.swift in Sources */,
				E5262387280DED1F00032B61 /* MainApiInteractorForSuccessMock.swift in Sources */,
				E526237F280D799D00032B61 /* VKMintTests.swift in Sources */,
				E5262389280DF5F500032B61 /* AuthInteractorOutputForSuccessMock.swift in Sources */,
				E526238D280DFA8E00032B61 /* AuthInteractorOutputForFailerMock.swift in Sources */,
				E526238F280DFBEB00032B61 /* TestOfFailerAuth.swift in Sources */,
			);
			runOnlyForDeploymentPostprocessing = 0;
		};
/* End PBXSourcesBuildPhase section */

/* Begin PBXTargetDependency section */
		E5262381280D799D00032B61 /* PBXTargetDependency */ = {
			isa = PBXTargetDependency;
			target = 749F4E5D2799B77000E2958A /* VKMint */;
			targetProxy = E5262380280D799D00032B61 /* PBXContainerItemProxy */;
		};
/* End PBXTargetDependency section */

/* Begin PBXVariantGroup section */
		749F4E6C2799B77000E2958A /* LaunchScreen.storyboard */ = {
			isa = PBXVariantGroup;
			children = (
				749F4E6D2799B77000E2958A /* Base */,
			);
			name = LaunchScreen.storyboard;
			sourceTree = "<group>";
		};
/* End PBXVariantGroup section */

/* Begin XCBuildConfiguration section */
		749F4E702799B77000E2958A /* Debug */ = {
			isa = XCBuildConfiguration;
			buildSettings = {
				ALWAYS_SEARCH_USER_PATHS = NO;
				CLANG_ANALYZER_NONNULL = YES;
				CLANG_ANALYZER_NUMBER_OBJECT_CONVERSION = YES_AGGRESSIVE;
				CLANG_CXX_LANGUAGE_STANDARD = "gnu++17";
				CLANG_CXX_LIBRARY = "libc++";
				CLANG_ENABLE_MODULES = YES;
				CLANG_ENABLE_OBJC_ARC = YES;
				CLANG_ENABLE_OBJC_WEAK = YES;
				CLANG_WARN_BLOCK_CAPTURE_AUTORELEASING = YES;
				CLANG_WARN_BOOL_CONVERSION = YES;
				CLANG_WARN_COMMA = YES;
				CLANG_WARN_CONSTANT_CONVERSION = YES;
				CLANG_WARN_DEPRECATED_OBJC_IMPLEMENTATIONS = YES;
				CLANG_WARN_DIRECT_OBJC_ISA_USAGE = YES_ERROR;
				CLANG_WARN_DOCUMENTATION_COMMENTS = YES;
				CLANG_WARN_EMPTY_BODY = YES;
				CLANG_WARN_ENUM_CONVERSION = YES;
				CLANG_WARN_INFINITE_RECURSION = YES;
				CLANG_WARN_INT_CONVERSION = YES;
				CLANG_WARN_NON_LITERAL_NULL_CONVERSION = YES;
				CLANG_WARN_OBJC_IMPLICIT_RETAIN_SELF = YES;
				CLANG_WARN_OBJC_LITERAL_CONVERSION = YES;
				CLANG_WARN_OBJC_ROOT_CLASS = YES_ERROR;
				CLANG_WARN_QUOTED_INCLUDE_IN_FRAMEWORK_HEADER = YES;
				CLANG_WARN_RANGE_LOOP_ANALYSIS = YES;
				CLANG_WARN_STRICT_PROTOTYPES = YES;
				CLANG_WARN_SUSPICIOUS_MOVE = YES;
				CLANG_WARN_UNGUARDED_AVAILABILITY = YES_AGGRESSIVE;
				CLANG_WARN_UNREACHABLE_CODE = YES;
				CLANG_WARN__DUPLICATE_METHOD_MATCH = YES;
				COPY_PHASE_STRIP = NO;
				DEBUG_INFORMATION_FORMAT = dwarf;
				ENABLE_STRICT_OBJC_MSGSEND = YES;
				ENABLE_TESTABILITY = YES;
				GCC_C_LANGUAGE_STANDARD = gnu11;
				GCC_DYNAMIC_NO_PIC = NO;
				GCC_NO_COMMON_BLOCKS = YES;
				GCC_OPTIMIZATION_LEVEL = 0;
				GCC_PREPROCESSOR_DEFINITIONS = (
					"DEBUG=1",
					"$(inherited)",
				);
				GCC_WARN_64_TO_32_BIT_CONVERSION = YES;
				GCC_WARN_ABOUT_RETURN_TYPE = YES_ERROR;
				GCC_WARN_UNDECLARED_SELECTOR = YES;
				GCC_WARN_UNINITIALIZED_AUTOS = YES_AGGRESSIVE;
				GCC_WARN_UNUSED_FUNCTION = YES;
				GCC_WARN_UNUSED_VARIABLE = YES;
				IPHONEOS_DEPLOYMENT_TARGET = 15.0;
				MTL_ENABLE_DEBUG_INFO = INCLUDE_SOURCE;
				MTL_FAST_MATH = YES;
				ONLY_ACTIVE_ARCH = YES;
				SDKROOT = iphoneos;
				SWIFT_ACTIVE_COMPILATION_CONDITIONS = DEBUG;
				SWIFT_OPTIMIZATION_LEVEL = "-Onone";
			};
			name = Debug;
		};
		749F4E712799B77000E2958A /* Release */ = {
			isa = XCBuildConfiguration;
			buildSettings = {
				ALWAYS_SEARCH_USER_PATHS = NO;
				CLANG_ANALYZER_NONNULL = YES;
				CLANG_ANALYZER_NUMBER_OBJECT_CONVERSION = YES_AGGRESSIVE;
				CLANG_CXX_LANGUAGE_STANDARD = "gnu++17";
				CLANG_CXX_LIBRARY = "libc++";
				CLANG_ENABLE_MODULES = YES;
				CLANG_ENABLE_OBJC_ARC = YES;
				CLANG_ENABLE_OBJC_WEAK = YES;
				CLANG_WARN_BLOCK_CAPTURE_AUTORELEASING = YES;
				CLANG_WARN_BOOL_CONVERSION = YES;
				CLANG_WARN_COMMA = YES;
				CLANG_WARN_CONSTANT_CONVERSION = YES;
				CLANG_WARN_DEPRECATED_OBJC_IMPLEMENTATIONS = YES;
				CLANG_WARN_DIRECT_OBJC_ISA_USAGE = YES_ERROR;
				CLANG_WARN_DOCUMENTATION_COMMENTS = YES;
				CLANG_WARN_EMPTY_BODY = YES;
				CLANG_WARN_ENUM_CONVERSION = YES;
				CLANG_WARN_INFINITE_RECURSION = YES;
				CLANG_WARN_INT_CONVERSION = YES;
				CLANG_WARN_NON_LITERAL_NULL_CONVERSION = YES;
				CLANG_WARN_OBJC_IMPLICIT_RETAIN_SELF = YES;
				CLANG_WARN_OBJC_LITERAL_CONVERSION = YES;
				CLANG_WARN_OBJC_ROOT_CLASS = YES_ERROR;
				CLANG_WARN_QUOTED_INCLUDE_IN_FRAMEWORK_HEADER = YES;
				CLANG_WARN_RANGE_LOOP_ANALYSIS = YES;
				CLANG_WARN_STRICT_PROTOTYPES = YES;
				CLANG_WARN_SUSPICIOUS_MOVE = YES;
				CLANG_WARN_UNGUARDED_AVAILABILITY = YES_AGGRESSIVE;
				CLANG_WARN_UNREACHABLE_CODE = YES;
				CLANG_WARN__DUPLICATE_METHOD_MATCH = YES;
				COPY_PHASE_STRIP = NO;
				DEBUG_INFORMATION_FORMAT = "dwarf-with-dsym";
				ENABLE_NS_ASSERTIONS = NO;
				ENABLE_STRICT_OBJC_MSGSEND = YES;
				GCC_C_LANGUAGE_STANDARD = gnu11;
				GCC_NO_COMMON_BLOCKS = YES;
				GCC_WARN_64_TO_32_BIT_CONVERSION = YES;
				GCC_WARN_ABOUT_RETURN_TYPE = YES_ERROR;
				GCC_WARN_UNDECLARED_SELECTOR = YES;
				GCC_WARN_UNINITIALIZED_AUTOS = YES_AGGRESSIVE;
				GCC_WARN_UNUSED_FUNCTION = YES;
				GCC_WARN_UNUSED_VARIABLE = YES;
				IPHONEOS_DEPLOYMENT_TARGET = 15.0;
				MTL_ENABLE_DEBUG_INFO = NO;
				MTL_FAST_MATH = YES;
				SDKROOT = iphoneos;
				SWIFT_COMPILATION_MODE = wholemodule;
				SWIFT_OPTIMIZATION_LEVEL = "-O";
				VALIDATE_PRODUCT = YES;
			};
			name = Release;
		};
		749F4E732799B77000E2958A /* Debug */ = {
			isa = XCBuildConfiguration;
			baseConfigurationReference = 9FCEFEF9626114B1F5A6EC43 /* Pods-VKMint.debug.xcconfig */;
			buildSettings = {
				ASSETCATALOG_COMPILER_APPICON_NAME = AppIcon;
				ASSETCATALOG_COMPILER_GLOBAL_ACCENT_COLOR_NAME = AccentColor;
				CODE_SIGN_STYLE = Automatic;
				CURRENT_PROJECT_VERSION = 1;
				DEVELOPMENT_TEAM = KZW6TP3J72;
				GENERATE_INFOPLIST_FILE = YES;
				INFOPLIST_FILE = VKMint/Info.plist;
				INFOPLIST_KEY_UIApplicationSupportsIndirectInputEvents = YES;
				INFOPLIST_KEY_UILaunchStoryboardName = LaunchScreen;
				INFOPLIST_KEY_UISupportedInterfaceOrientations_iPad = "UIInterfaceOrientationPortrait UIInterfaceOrientationPortraitUpsideDown UIInterfaceOrientationLandscapeLeft UIInterfaceOrientationLandscapeRight";
				INFOPLIST_KEY_UISupportedInterfaceOrientations_iPhone = "UIInterfaceOrientationPortrait UIInterfaceOrientationLandscapeLeft UIInterfaceOrientationLandscapeRight";
				LD_RUNPATH_SEARCH_PATHS = (
					"$(inherited)",
					"@executable_path/Frameworks",
				);
				MARKETING_VERSION = 1.0;
				PRODUCT_BUNDLE_IDENTIFIER = IldarArsl.VKMe;
				PRODUCT_NAME = "$(TARGET_NAME)";
				SWIFT_EMIT_LOC_STRINGS = YES;
				SWIFT_VERSION = 5.0;
				TARGETED_DEVICE_FAMILY = "1,2";
			};
			name = Debug;
		};
		749F4E742799B77000E2958A /* Release */ = {
			isa = XCBuildConfiguration;
			baseConfigurationReference = 10A66D549C24673009C5BAE4 /* Pods-VKMint.release.xcconfig */;
			buildSettings = {
				ASSETCATALOG_COMPILER_APPICON_NAME = AppIcon;
				ASSETCATALOG_COMPILER_GLOBAL_ACCENT_COLOR_NAME = AccentColor;
				CODE_SIGN_STYLE = Automatic;
				CURRENT_PROJECT_VERSION = 1;
				DEVELOPMENT_TEAM = KZW6TP3J72;
				GENERATE_INFOPLIST_FILE = YES;
				INFOPLIST_FILE = VKMint/Info.plist;
				INFOPLIST_KEY_UIApplicationSupportsIndirectInputEvents = YES;
				INFOPLIST_KEY_UILaunchStoryboardName = LaunchScreen;
				INFOPLIST_KEY_UISupportedInterfaceOrientations_iPad = "UIInterfaceOrientationPortrait UIInterfaceOrientationPortraitUpsideDown UIInterfaceOrientationLandscapeLeft UIInterfaceOrientationLandscapeRight";
				INFOPLIST_KEY_UISupportedInterfaceOrientations_iPhone = "UIInterfaceOrientationPortrait UIInterfaceOrientationLandscapeLeft UIInterfaceOrientationLandscapeRight";
				LD_RUNPATH_SEARCH_PATHS = (
					"$(inherited)",
					"@executable_path/Frameworks",
				);
				MARKETING_VERSION = 1.0;
				PRODUCT_BUNDLE_IDENTIFIER = IldarArsl.VKMe;
				PRODUCT_NAME = "$(TARGET_NAME)";
				SWIFT_EMIT_LOC_STRINGS = YES;
				SWIFT_VERSION = 5.0;
				TARGETED_DEVICE_FAMILY = "1,2";
			};
			name = Release;
		};
		E5262383280D799D00032B61 /* Debug */ = {
			isa = XCBuildConfiguration;
			buildSettings = {
				BUNDLE_LOADER = "$(TEST_HOST)";
				CODE_SIGN_STYLE = Automatic;
				CURRENT_PROJECT_VERSION = 1;
				DEVELOPMENT_TEAM = KZW6TP3J72;
				GENERATE_INFOPLIST_FILE = YES;
				LD_RUNPATH_SEARCH_PATHS = (
					"$(inherited)",
					"@executable_path/Frameworks",
					"@loader_path/Frameworks",
				);
				MARKETING_VERSION = 1.0;
				PRODUCT_BUNDLE_IDENTIFIER = ru.itis.VKMintTests;
				PRODUCT_NAME = "$(TARGET_NAME)";
				SWIFT_EMIT_LOC_STRINGS = NO;
				SWIFT_VERSION = 5.0;
				TARGETED_DEVICE_FAMILY = "1,2";
				TEST_HOST = "$(BUILT_PRODUCTS_DIR)/VKMint.app/VKMint";
			};
			name = Debug;
		};
		E5262384280D799D00032B61 /* Release */ = {
			isa = XCBuildConfiguration;
			buildSettings = {
				BUNDLE_LOADER = "$(TEST_HOST)";
				CODE_SIGN_STYLE = Automatic;
				CURRENT_PROJECT_VERSION = 1;
				DEVELOPMENT_TEAM = KZW6TP3J72;
				GENERATE_INFOPLIST_FILE = YES;
				LD_RUNPATH_SEARCH_PATHS = (
					"$(inherited)",
					"@executable_path/Frameworks",
					"@loader_path/Frameworks",
				);
				MARKETING_VERSION = 1.0;
				PRODUCT_BUNDLE_IDENTIFIER = ru.itis.VKMintTests;
				PRODUCT_NAME = "$(TARGET_NAME)";
				SWIFT_EMIT_LOC_STRINGS = NO;
				SWIFT_VERSION = 5.0;
				TARGETED_DEVICE_FAMILY = "1,2";
				TEST_HOST = "$(BUILT_PRODUCTS_DIR)/VKMint.app/VKMint";
			};
			name = Release;
		};
/* End XCBuildConfiguration section */

/* Begin XCConfigurationList section */
		749F4E592799B77000E2958A /* Build configuration list for PBXProject "VKMint" */ = {
			isa = XCConfigurationList;
			buildConfigurations = (
				749F4E702799B77000E2958A /* Debug */,
				749F4E712799B77000E2958A /* Release */,
			);
			defaultConfigurationIsVisible = 0;
			defaultConfigurationName = Release;
		};
		749F4E722799B77000E2958A /* Build configuration list for PBXNativeTarget "VKMint" */ = {
			isa = XCConfigurationList;
			buildConfigurations = (
				749F4E732799B77000E2958A /* Debug */,
				749F4E742799B77000E2958A /* Release */,
			);
			defaultConfigurationIsVisible = 0;
			defaultConfigurationName = Release;
		};
		E5262382280D799D00032B61 /* Build configuration list for PBXNativeTarget "VKMintTests" */ = {
			isa = XCConfigurationList;
			buildConfigurations = (
				E5262383280D799D00032B61 /* Debug */,
				E5262384280D799D00032B61 /* Release */,
			);
			defaultConfigurationIsVisible = 0;
			defaultConfigurationName = Release;
		};
/* End XCConfigurationList section */

/* Begin XCVersionGroup section */
		E54699E02819406E00929418 /* Entities for messages.xcdatamodeld */ = {
			isa = XCVersionGroup;
			children = (
				E54699E12819406E00929418 /* Entities for messages.xcdatamodel */,
			);
			currentVersion = E54699E12819406E00929418 /* Entities for messages.xcdatamodel */;
			path = "Entities for messages.xcdatamodeld";
			sourceTree = "<group>";
			versionGroupType = wrapper.xcdatamodel;
		};
/* End XCVersionGroup section */
	};
	rootObject = 749F4E562799B77000E2958A /* Project object */;
}
